// !$*UTF8*$!
{
	archiveVersion = 1;
	classes = {
	};
	objectVersion = 50;
	objects = {

/* Begin PBXBuildFile section */
		480FE2E524FE843800A07A62 /* CounterViewController.swift in Sources */ = {isa = PBXBuildFile; fileRef = 480FE2E424FE843800A07A62 /* CounterViewController.swift */; };
		480FE2E824FE84C600A07A62 /* StatisticsViewController.swift in Sources */ = {isa = PBXBuildFile; fileRef = 480FE2E724FE84C600A07A62 /* StatisticsViewController.swift */; };
		488E2F0924FBDB83002D8731 /* AppDelegate.swift in Sources */ = {isa = PBXBuildFile; fileRef = 488E2F0824FBDB83002D8731 /* AppDelegate.swift */; };
		488E2F0B24FBDB83002D8731 /* SceneDelegate.swift in Sources */ = {isa = PBXBuildFile; fileRef = 488E2F0A24FBDB83002D8731 /* SceneDelegate.swift */; };
		488E2F1024FBDB83002D8731 /* Main.storyboard in Resources */ = {isa = PBXBuildFile; fileRef = 488E2F0E24FBDB83002D8731 /* Main.storyboard */; };
		488E2F1324FBDB83002D8731 /* NoFapDiary.xcdatamodeld in Sources */ = {isa = PBXBuildFile; fileRef = 488E2F1124FBDB83002D8731 /* NoFapDiary.xcdatamodeld */; };
		488E2F1524FBDB83002D8731 /* Assets.xcassets in Resources */ = {isa = PBXBuildFile; fileRef = 488E2F1424FBDB83002D8731 /* Assets.xcassets */; };
		488E2F1824FBDB83002D8731 /* LaunchScreen.storyboard in Resources */ = {isa = PBXBuildFile; fileRef = 488E2F1624FBDB83002D8731 /* LaunchScreen.storyboard */; };
		488E2F2124FBE08C002D8731 /* HGCircularSlider.framework in Frameworks */ = {isa = PBXBuildFile; fileRef = 488E2F2024FBE08C002D8731 /* HGCircularSlider.framework */; };
		488E2F2224FBE08C002D8731 /* HGCircularSlider.framework in Embed Frameworks */ = {isa = PBXBuildFile; fileRef = 488E2F2024FBE08C002D8731 /* HGCircularSlider.framework */; settings = {ATTRIBUTES = (CodeSignOnCopy, RemoveHeadersOnCopy, ); }; };
/* End PBXBuildFile section */

/* Begin PBXCopyFilesBuildPhase section */
		488E2F2324FBE08C002D8731 /* Embed Frameworks */ = {
			isa = PBXCopyFilesBuildPhase;
			buildActionMask = 2147483647;
			dstPath = "";
			dstSubfolderSpec = 10;
			files = (
				488E2F2224FBE08C002D8731 /* HGCircularSlider.framework in Embed Frameworks */,
			);
			name = "Embed Frameworks";
			runOnlyForDeploymentPostprocessing = 0;
		};
/* End PBXCopyFilesBuildPhase section */

/* Begin PBXFileReference section */
		480FE2E424FE843800A07A62 /* CounterViewController.swift */ = {isa = PBXFileReference; lastKnownFileType = sourcecode.swift; path = CounterViewController.swift; sourceTree = "<group>"; };
		480FE2E724FE84C600A07A62 /* StatisticsViewController.swift */ = {isa = PBXFileReference; lastKnownFileType = sourcecode.swift; path = StatisticsViewController.swift; sourceTree = "<group>"; };
		488E2F0524FBDB83002D8731 /* NoFapDiary.app */ = {isa = PBXFileReference; explicitFileType = wrapper.application; includeInIndex = 0; path = NoFapDiary.app; sourceTree = BUILT_PRODUCTS_DIR; };
		488E2F0824FBDB83002D8731 /* AppDelegate.swift */ = {isa = PBXFileReference; lastKnownFileType = sourcecode.swift; path = AppDelegate.swift; sourceTree = "<group>"; };
		488E2F0A24FBDB83002D8731 /* SceneDelegate.swift */ = {isa = PBXFileReference; lastKnownFileType = sourcecode.swift; path = SceneDelegate.swift; sourceTree = "<group>"; };
		488E2F0F24FBDB83002D8731 /* Base */ = {isa = PBXFileReference; lastKnownFileType = file.storyboard; name = Base; path = Base.lproj/Main.storyboard; sourceTree = "<group>"; };
		488E2F1224FBDB83002D8731 /* NoFapDiary.xcdatamodel */ = {isa = PBXFileReference; lastKnownFileType = wrapper.xcdatamodel; path = NoFapDiary.xcdatamodel; sourceTree = "<group>"; };
		488E2F1424FBDB83002D8731 /* Assets.xcassets */ = {isa = PBXFileReference; lastKnownFileType = folder.assetcatalog; path = Assets.xcassets; sourceTree = "<group>"; };
		488E2F1724FBDB83002D8731 /* Base */ = {isa = PBXFileReference; lastKnownFileType = file.storyboard; name = Base; path = Base.lproj/LaunchScreen.storyboard; sourceTree = "<group>"; };
		488E2F1924FBDB83002D8731 /* Info.plist */ = {isa = PBXFileReference; lastKnownFileType = text.plist.xml; path = Info.plist; sourceTree = "<group>"; };
		488E2F2024FBE08C002D8731 /* HGCircularSlider.framework */ = {isa = PBXFileReference; lastKnownFileType = wrapper.framework; name = HGCircularSlider.framework; path = Carthage/Build/iOS/HGCircularSlider.framework; sourceTree = "<group>"; };
/* End PBXFileReference section */

/* Begin PBXFrameworksBuildPhase section */
		488E2F0224FBDB83002D8731 /* Frameworks */ = {
			isa = PBXFrameworksBuildPhase;
			buildActionMask = 2147483647;
			files = (
				488E2F2124FBE08C002D8731 /* HGCircularSlider.framework in Frameworks */,
			);
			runOnlyForDeploymentPostprocessing = 0;
		};
/* End PBXFrameworksBuildPhase section */

/* Begin PBXGroup section */
		480FE2E324FE841100A07A62 /* Counter */ = {
			isa = PBXGroup;
			children = (
				480FE2E424FE843800A07A62 /* CounterViewController.swift */,
			);
			path = Counter;
			sourceTree = "<group>";
		};
		480FE2E624FE847300A07A62 /* Statistics */ = {
			isa = PBXGroup;
			children = (
				480FE2E724FE84C600A07A62 /* StatisticsViewController.swift */,
			);
			path = Statistics;
			sourceTree = "<group>";
		};
		488E2EFC24FBDB83002D8731 = {
			isa = PBXGroup;
			children = (
				488E2F0724FBDB83002D8731 /* NoFapDiary */,
				488E2F0624FBDB83002D8731 /* Products */,
				488E2F1F24FBE08C002D8731 /* Frameworks */,
			);
			sourceTree = "<group>";
		};
		488E2F0624FBDB83002D8731 /* Products */ = {
			isa = PBXGroup;
			children = (
				488E2F0524FBDB83002D8731 /* NoFapDiary.app */,
			);
			name = Products;
			sourceTree = "<group>";
		};
		488E2F0724FBDB83002D8731 /* NoFapDiary */ = {
			isa = PBXGroup;
			children = (
				480FE2E624FE847300A07A62 /* Statistics */,
				480FE2E324FE841100A07A62 /* Counter */,
				488E2F0824FBDB83002D8731 /* AppDelegate.swift */,
				488E2F0A24FBDB83002D8731 /* SceneDelegate.swift */,
				488E2F0E24FBDB83002D8731 /* Main.storyboard */,
				488E2F1424FBDB83002D8731 /* Assets.xcassets */,
				488E2F1624FBDB83002D8731 /* LaunchScreen.storyboard */,
				488E2F1924FBDB83002D8731 /* Info.plist */,
				488E2F1124FBDB83002D8731 /* NoFapDiary.xcdatamodeld */,
			);
			path = NoFapDiary;
			sourceTree = "<group>";
		};
		488E2F1F24FBE08C002D8731 /* Frameworks */ = {
			isa = PBXGroup;
			children = (
				488E2F2024FBE08C002D8731 /* HGCircularSlider.framework */,
			);
			name = Frameworks;
			sourceTree = "<group>";
		};
/* End PBXGroup section */

/* Begin PBXNativeTarget section */
		488E2F0424FBDB83002D8731 /* NoFapDiary */ = {
			isa = PBXNativeTarget;
			buildConfigurationList = 488E2F1C24FBDB83002D8731 /* Build configuration list for PBXNativeTarget "NoFapDiary" */;
			buildPhases = (
				488E2F0124FBDB83002D8731 /* Sources */,
				488E2F0224FBDB83002D8731 /* Frameworks */,
				488E2F0324FBDB83002D8731 /* Resources */,
				488E2F2324FBE08C002D8731 /* Embed Frameworks */,
				488E2F2424FBE0D6002D8731 /* ShellScript */,
			);
			buildRules = (
			);
			dependencies = (
			);
			name = NoFapDiary;
			productName = NoFapDiary;
			productReference = 488E2F0524FBDB83002D8731 /* NoFapDiary.app */;
			productType = "com.apple.product-type.application";
		};
/* End PBXNativeTarget section */

/* Begin PBXProject section */
		488E2EFD24FBDB83002D8731 /* Project object */ = {
			isa = PBXProject;
			attributes = {
				LastSwiftUpdateCheck = 1150;
				LastUpgradeCheck = 1150;
				ORGANIZATIONNAME = kipCalm;
				TargetAttributes = {
					488E2F0424FBDB83002D8731 = {
						CreatedOnToolsVersion = 11.5;
					};
				};
			};
			buildConfigurationList = 488E2F0024FBDB83002D8731 /* Build configuration list for PBXProject "NoFapDiary" */;
			compatibilityVersion = "Xcode 9.3";
			developmentRegion = en;
			hasScannedForEncodings = 0;
			knownRegions = (
				en,
				Base,
			);
			mainGroup = 488E2EFC24FBDB83002D8731;
			productRefGroup = 488E2F0624FBDB83002D8731 /* Products */;
			projectDirPath = "";
			projectRoot = "";
			targets = (
				488E2F0424FBDB83002D8731 /* NoFapDiary */,
			);
		};
/* End PBXProject section */

/* Begin PBXResourcesBuildPhase section */
		488E2F0324FBDB83002D8731 /* Resources */ = {
			isa = PBXResourcesBuildPhase;
			buildActionMask = 2147483647;
			files = (
				488E2F1824FBDB83002D8731 /* LaunchScreen.storyboard in Resources */,
				488E2F1524FBDB83002D8731 /* Assets.xcassets in Resources */,
				488E2F1024FBDB83002D8731 /* Main.storyboard in Resources */,
			);
			runOnlyForDeploymentPostprocessing = 0;
		};
/* End PBXResourcesBuildPhase section */

/* Begin PBXShellScriptBuildPhase section */
		488E2F2424FBE0D6002D8731 /* ShellScript */ = {
			isa = PBXShellScriptBuildPhase;
			buildActionMask = 2147483647;
			files = (
			);
			inputFileListPaths = (
			);
			inputPaths = (
				"$(SRCROOT)/Carthage/Build/iOS/HGCircularSlider.framework",
			);
			outputFileListPaths = (
			);
			outputPaths = (
			);
			runOnlyForDeploymentPostprocessing = 0;
			shellPath = /bin/sh;
			shellScript = "/usr/local/bin/carthage copy-frameworks\n";
		};
/* End PBXShellScriptBuildPhase section */

/* Begin PBXSourcesBuildPhase section */
		488E2F0124FBDB83002D8731 /* Sources */ = {
			isa = PBXSourcesBuildPhase;
			buildActionMask = 2147483647;
			files = (
				480FE2E524FE843800A07A62 /* CounterViewController.swift in Sources */,
				488E2F1324FBDB83002D8731 /* NoFapDiary.xcdatamodeld in Sources */,
				480FE2E824FE84C600A07A62 /* StatisticsViewController.swift in Sources */,
				488E2F0924FBDB83002D8731 /* AppDelegate.swift in Sources */,
				488E2F0B24FBDB83002D8731 /* SceneDelegate.swift in Sources */,
			);
			runOnlyForDeploymentPostprocessing = 0;
		};
/* End PBXSourcesBuildPhase section */

/* Begin PBXVariantGroup section */
		488E2F0E24FBDB83002D8731 /* Main.storyboard */ = {
			isa = PBXVariantGroup;
			children = (
				488E2F0F24FBDB83002D8731 /* Base */,
			);
			name = Main.storyboard;
			sourceTree = "<group>";
		};
		488E2F1624FBDB83002D8731 /* LaunchScreen.storyboard */ = {
			isa = PBXVariantGroup;
			children = (
				488E2F1724FBDB83002D8731 /* Base */,
			);
			name = LaunchScreen.storyboard;
			sourceTree = "<group>";
		};
/* End PBXVariantGroup section */

/* Begin XCBuildConfiguration section */
		488E2F1A24FBDB83002D8731 /* Debug */ = {
			isa = XCBuildConfiguration;
			buildSettings = {
				ALWAYS_SEARCH_USER_PATHS = NO;
				CLANG_ANALYZER_NONNULL = YES;
				CLANG_ANALYZER_NUMBER_OBJECT_CONVERSION = YES_AGGRESSIVE;
				CLANG_CXX_LANGUAGE_STANDARD = "gnu++14";
				CLANG_CXX_LIBRARY = "libc++";
				CLANG_ENABLE_MODULES = YES;
				CLANG_ENABLE_OBJC_ARC = YES;
				CLANG_ENABLE_OBJC_WEAK = YES;
				CLANG_WARN_BLOCK_CAPTURE_AUTORELEASING = YES;
				CLANG_WARN_BOOL_CONVERSION = YES;
				CLANG_WARN_COMMA = YES;
				CLANG_WARN_CONSTANT_CONVERSION = YES;
				CLANG_WARN_DEPRECATED_OBJC_IMPLEMENTATIONS = YES;
				CLANG_WARN_DIRECT_OBJC_ISA_USAGE = YES_ERROR;
				CLANG_WARN_DOCUMENTATION_COMMENTS = YES;
				CLANG_WARN_EMPTY_BODY = YES;
				CLANG_WARN_ENUM_CONVERSION = YES;
				CLANG_WARN_INFINITE_RECURSION = YES;
				CLANG_WARN_INT_CONVERSION = YES;
				CLANG_WARN_NON_LITERAL_NULL_CONVERSION = YES;
				CLANG_WARN_OBJC_IMPLICIT_RETAIN_SELF = YES;
				CLANG_WARN_OBJC_LITERAL_CONVERSION = YES;
				CLANG_WARN_OBJC_ROOT_CLASS = YES_ERROR;
				CLANG_WARN_RANGE_LOOP_ANALYSIS = YES;
				CLANG_WARN_STRICT_PROTOTYPES = YES;
				CLANG_WARN_SUSPICIOUS_MOVE = YES;
				CLANG_WARN_UNGUARDED_AVAILABILITY = YES_AGGRESSIVE;
				CLANG_WARN_UNREACHABLE_CODE = YES;
				CLANG_WARN__DUPLICATE_METHOD_MATCH = YES;
				COPY_PHASE_STRIP = NO;
				DEBUG_INFORMATION_FORMAT = dwarf;
				ENABLE_STRICT_OBJC_MSGSEND = YES;
				ENABLE_TESTABILITY = YES;
				GCC_C_LANGUAGE_STANDARD = gnu11;
				GCC_DYNAMIC_NO_PIC = NO;
				GCC_NO_COMMON_BLOCKS = YES;
				GCC_OPTIMIZATION_LEVEL = 0;
				GCC_PREPROCESSOR_DEFINITIONS = (
					"DEBUG=1",
					"$(inherited)",
				);
				GCC_WARN_64_TO_32_BIT_CONVERSION = YES;
				GCC_WARN_ABOUT_RETURN_TYPE = YES_ERROR;
				GCC_WARN_UNDECLARED_SELECTOR = YES;
				GCC_WARN_UNINITIALIZED_AUTOS = YES_AGGRESSIVE;
				GCC_WARN_UNUSED_FUNCTION = YES;
				GCC_WARN_UNUSED_VARIABLE = YES;
				IPHONEOS_DEPLOYMENT_TARGET = 13.5;
				MTL_ENABLE_DEBUG_INFO = INCLUDE_SOURCE;
				MTL_FAST_MATH = YES;
				ONLY_ACTIVE_ARCH = YES;
				SDKROOT = iphoneos;
				SWIFT_ACTIVE_COMPILATION_CONDITIONS = DEBUG;
				SWIFT_OPTIMIZATION_LEVEL = "-Onone";
			};
			name = Debug;
		};
		488E2F1B24FBDB83002D8731 /* Release */ = {
			isa = XCBuildConfiguration;
			buildSettings = {
				ALWAYS_SEARCH_USER_PATHS = NO;
				CLANG_ANALYZER_NONNULL = YES;
				CLANG_ANALYZER_NUMBER_OBJECT_CONVERSION = YES_AGGRESSIVE;
				CLANG_CXX_LANGUAGE_STANDARD = "gnu++14";
				CLANG_CXX_LIBRARY = "libc++";
				CLANG_ENABLE_MODULES = YES;
				CLANG_ENABLE_OBJC_ARC = YES;
				CLANG_ENABLE_OBJC_WEAK = YES;
				CLANG_WARN_BLOCK_CAPTURE_AUTORELEASING = YES;
				CLANG_WARN_BOOL_CONVERSION = YES;
				CLANG_WARN_COMMA = YES;
				CLANG_WARN_CONSTANT_CONVERSION = YES;
				CLANG_WARN_DEPRECATED_OBJC_IMPLEMENTATIONS = YES;
				CLANG_WARN_DIRECT_OBJC_ISA_USAGE = YES_ERROR;
				CLANG_WARN_DOCUMENTATION_COMMENTS = YES;
				CLANG_WARN_EMPTY_BODY = YES;
				CLANG_WARN_ENUM_CONVERSION = YES;
				CLANG_WARN_INFINITE_RECURSION = YES;
				CLANG_WARN_INT_CONVERSION = YES;
				CLANG_WARN_NON_LITERAL_NULL_CONVERSION = YES;
				CLANG_WARN_OBJC_IMPLICIT_RETAIN_SELF = YES;
				CLANG_WARN_OBJC_LITERAL_CONVERSION = YES;
				CLANG_WARN_OBJC_ROOT_CLASS = YES_ERROR;
				CLANG_WARN_RANGE_LOOP_ANALYSIS = YES;
				CLANG_WARN_STRICT_PROTOTYPES = YES;
				CLANG_WARN_SUSPICIOUS_MOVE = YES;
				CLANG_WARN_UNGUARDED_AVAILABILITY = YES_AGGRESSIVE;
				CLANG_WARN_UNREACHABLE_CODE = YES;
				CLANG_WARN__DUPLICATE_METHOD_MATCH = YES;
				COPY_PHASE_STRIP = NO;
				DEBUG_INFORMATION_FORMAT = "dwarf-with-dsym";
				ENABLE_NS_ASSERTIONS = NO;
				ENABLE_STRICT_OBJC_MSGSEND = YES;
				GCC_C_LANGUAGE_STANDARD = gnu11;
				GCC_NO_COMMON_BLOCKS = YES;
				GCC_WARN_64_TO_32_BIT_CONVERSION = YES;
				GCC_WARN_ABOUT_RETURN_TYPE = YES_ERROR;
				GCC_WARN_UNDECLARED_SELECTOR = YES;
				GCC_WARN_UNINITIALIZED_AUTOS = YES_AGGRESSIVE;
				GCC_WARN_UNUSED_FUNCTION = YES;
				GCC_WARN_UNUSED_VARIABLE = YES;
				IPHONEOS_DEPLOYMENT_TARGET = 13.5;
				MTL_ENABLE_DEBUG_INFO = NO;
				MTL_FAST_MATH = YES;
				SDKROOT = iphoneos;
				SWIFT_COMPILATION_MODE = wholemodule;
				SWIFT_OPTIMIZATION_LEVEL = "-O";
				VALIDATE_PRODUCT = YES;
			};
			name = Release;
		};
		488E2F1D24FBDB83002D8731 /* Debug */ = {
			isa = XCBuildConfiguration;
			buildSettings = {
				ASSETCATALOG_COMPILER_APPICON_NAME = AppIcon;
				CODE_SIGN_STYLE = Automatic;
				FRAMEWORK_SEARCH_PATHS = (
					"$(inherited)",
					"$(PROJECT_DIR)/Carthage/Build/iOS",
				);
				INFOPLIST_FILE = NoFapDiary/Info.plist;
				LD_RUNPATH_SEARCH_PATHS = (
					"$(inherited)",
					"@executable_path/Frameworks",
				);
				PRODUCT_BUNDLE_IDENTIFIER = com.NoFapDiary;
				PRODUCT_NAME = "$(TARGET_NAME)";
				SWIFT_VERSION = 5.0;
				TARGETED_DEVICE_FAMILY = "1,2";
			};
			name = Debug;
		};
		488E2F1E24FBDB83002D8731 /* Release */ = {
			isa = XCBuildConfiguration;
			buildSettings = {
				ASSETCATALOG_COMPILER_APPICON_NAME = AppIcon;
				CODE_SIGN_STYLE = Automatic;
				FRAMEWORK_SEARCH_PATHS = (
					"$(inherited)",
					"$(PROJECT_DIR)/Carthage/Build/iOS",
				);
				INFOPLIST_FILE = NoFapDiary/Info.plist;
				LD_RUNPATH_SEARCH_PATHS = (
					"$(inherited)",
					"@executable_path/Frameworks",
				);
				PRODUCT_BUNDLE_IDENTIFIER = com.NoFapDiary;
				PRODUCT_NAME = "$(TARGET_NAME)";
				SWIFT_VERSION = 5.0;
				TARGETED_DEVICE_FAMILY = "1,2";
			};
			name = Release;
		};
/* End XCBuildConfiguration section */

/* Begin XCConfigurationList section */
		488E2F0024FBDB83002D8731 /* Build configuration list for PBXProject "NoFapDiary" */ = {
			isa = XCConfigurationList;
			buildConfigurations = (
				488E2F1A24FBDB83002D8731 /* Debug */,
				488E2F1B24FBDB83002D8731 /* Release */,
			);
			defaultConfigurationIsVisible = 0;
			defaultConfigurationName = Release;
		};
		488E2F1C24FBDB83002D8731 /* Build configuration list for PBXNativeTarget "NoFapDiary" */ = {
			isa = XCConfigurationList;
			buildConfigurations = (
				488E2F1D24FBDB83002D8731 /* Debug */,
				488E2F1E24FBDB83002D8731 /* Release */,
			);
			defaultConfigurationIsVisible = 0;
			defaultConfigurationName = Release;
		};
/* End XCConfigurationList section */

/* Begin XCVersionGroup section */
		488E2F1124FBDB83002D8731 /* NoFapDiary.xcdatamodeld */ = {
			isa = XCVersionGroup;
			children = (
				488E2F1224FBDB83002D8731 /* NoFapDiary.xcdatamodel */,
			);
			currentVersion = 488E2F1224FBDB83002D8731 /* NoFapDiary.xcdatamodel */;
			path = NoFapDiary.xcdatamodeld;
			sourceTree = "<group>";
			versionGroupType = wrapper.xcdatamodel;
		};
/* End XCVersionGroup section */
	};
	rootObject = 488E2EFD24FBDB83002D8731 /* Project object */;
}
